
Microsoft Visual Studio Solution File, Format Version 12.00
# Visual Studio 15
VisualStudioVersion = 15.0.26430.6
MinimumVisualStudioVersion = 10.0.40219.1
Project("{9A19103F-16F7-4668-BE54-9A1E7A4F7556}") = "QRCoder", "QRCoder\QRCoder.csproj", "{57BA4392-0ACC-4C0B-A46E-5854F612850E}"
EndProject
Project("{9A19103F-16F7-4668-BE54-9A1E7A4F7556}") = "QRCoderConsole", "QRCoderConsole\QRCoderConsole.csproj", "{7A041CF6-978D-45AF-817F-CA912B020CAC}"
EndProject
Project("{9A19103F-16F7-4668-BE54-9A1E7A4F7556}") = "QRCoderTests", "QRCoderTests\QRCoderTests.csproj", "{708BC0E6-BE5D-4411-87F6-99DBBD3C86D7}"
EndProject
Global
	GlobalSection(SolutionConfigurationPlatforms) = preSolution
		Debug|Any CPU = Debug|Any CPU
		Debug|Mixed Platforms = Debug|Mixed Platforms
		Debug|x86 = Debug|x86
		Release|Any CPU = Release|Any CPU
		Release|Mixed Platforms = Release|Mixed Platforms
		Release|x86 = Release|x86
	EndGlobalSection
	GlobalSection(ProjectConfigurationPlatforms) = postSolution
		{57BA4392-0ACC-4C0B-A46E-5854F612850E}.Debug|Any CPU.ActiveCfg = Debug|Any CPU
		{57BA4392-0ACC-4C0B-A46E-5854F612850E}.Debug|Any CPU.Build.0 = Debug|Any CPU
		{57BA4392-0ACC-4C0B-A46E-5854F612850E}.Debug|Mixed Platforms.ActiveCfg = Debug|Any CPU
		{57BA4392-0ACC-4C0B-A46E-5854F612850E}.Debug|Mixed Platforms.Build.0 = Debug|Any CPU
		{57BA4392-0ACC-4C0B-A46E-5854F612850E}.Debug|x86.ActiveCfg = Debug|Any CPU
		{57BA4392-0ACC-4C0B-A46E-5854F612850E}.Debug|x86.Build.0 = Debug|Any CPU
		{57BA4392-0ACC-4C0B-A46E-5854F612850E}.Release|Any CPU.ActiveCfg = Release|Any CPU
		{57BA4392-0ACC-4C0B-A46E-5854F612850E}.Release|Any CPU.Build.0 = Release|Any CPU
		{57BA4392-0ACC-4C0B-A46E-5854F612850E}.Release|Mixed Platforms.ActiveCfg = Release|Any CPU
		{57BA4392-0ACC-4C0B-A46E-5854F612850E}.Release|Mixed Platforms.Build.0 = Release|Any CPU
		{57BA4392-0ACC-4C0B-A46E-5854F612850E}.Release|x86.ActiveCfg = Release|Any CPU
		{57BA4392-0ACC-4C0B-A46E-5854F612850E}.Release|x86.Build.0 = Release|Any CPU
		{7A041CF6-978D-45AF-817F-CA912B020CAC}.Debug|Any CPU.ActiveCfg = Debug|Any CPU
		{7A041CF6-978D-45AF-817F-CA912B020CAC}.Debug|Any CPU.Build.0 = Debug|Any CPU
		{7A041CF6-978D-45AF-817F-CA912B020CAC}.Debug|Mixed Platforms.ActiveCfg = Debug|Any CPU
		{7A041CF6-978D-45AF-817F-CA912B020CAC}.Debug|Mixed Platforms.Build.0 = Debug|Any CPU
		{7A041CF6-978D-45AF-817F-CA912B020CAC}.Debug|x86.ActiveCfg = Debug|Any CPU
		{7A041CF6-978D-45AF-817F-CA912B020CAC}.Debug|x86.Build.0 = Debug|Any CPU
		{7A041CF6-978D-45AF-817F-CA912B020CAC}.Release|Any CPU.ActiveCfg = Release|Any CPU
		{7A041CF6-978D-45AF-817F-CA912B020CAC}.Release|Any CPU.Build.0 = Release|Any CPU
		{7A041CF6-978D-45AF-817F-CA912B020CAC}.Release|Mixed Platforms.ActiveCfg = Release|Any CPU
		{7A041CF6-978D-45AF-817F-CA912B020CAC}.Release|Mixed Platforms.Build.0 = Release|Any CPU
		{7A041CF6-978D-45AF-817F-CA912B020CAC}.Release|x86.ActiveCfg = Release|Any CPU
		{7A041CF6-978D-45AF-817F-CA912B020CAC}.Release|x86.Build.0 = Release|Any CPU
		{708BC0E6-BE5D-4411-87F6-99DBBD3C86D7}.Debug|Any CPU.ActiveCfg = Debug|Any CPU
		{708BC0E6-BE5D-4411-87F6-99DBBD3C86D7}.Debug|Any CPU.Build.0 = Debug|Any CPU
		{708BC0E6-BE5D-4411-87F6-99DBBD3C86D7}.Debug|Mixed Platforms.ActiveCfg = Debug|Any CPU
		{708BC0E6-BE5D-4411-87F6-99DBBD3C86D7}.Debug|Mixed Platforms.Build.0 = Debug|Any CPU
		{708BC0E6-BE5D-4411-87F6-99DBBD3C86D7}.Debug|x86.ActiveCfg = Debug|Any CPU
		{708BC0E6-BE5D-4411-87F6-99DBBD3C86D7}.Debug|x86.Build.0 = Debug|Any CPU
		{708BC0E6-BE5D-4411-87F6-99DBBD3C86D7}.Release|Any CPU.ActiveCfg = Release|Any CPU
		{708BC0E6-BE5D-4411-87F6-99DBBD3C86D7}.Release|Any CPU.Build.0 = Release|Any CPU
		{708BC0E6-BE5D-4411-87F6-99DBBD3C86D7}.Release|Mixed Platforms.ActiveCfg = Release|Any CPU
		{708BC0E6-BE5D-4411-87F6-99DBBD3C86D7}.Release|Mixed Platforms.Build.0 = Release|Any CPU
		{708BC0E6-BE5D-4411-87F6-99DBBD3C86D7}.Release|x86.ActiveCfg = Release|Any CPU
		{708BC0E6-BE5D-4411-87F6-99DBBD3C86D7}.Release|x86.Build.0 = Release|Any CPU
	EndGlobalSection
	GlobalSection(SolutionProperties) = preSolution
		HideSolutionNode = FALSE
	EndGlobalSection
EndGlobal
